
Microsoft Visual Studio Solution File, Format Version 12.00
# Visual Studio 15
Project("{FAE04EC0-301F-11D3-BF4B-00C04F79EFBC}") = "Assembly-CSharp", "Assembly-CSharp.csproj", "{9E426BEF-5458-92E6-751E-3475A0FF53DC}"
EndProject
Project("{FAE04EC0-301F-11D3-BF4B-00C04F79EFBC}") = "Assembly-CSharp-firstpass", "Assembly-CSharp-firstpass.csproj", "{E80B7550-8D45-FDA9-8F3E-7CEB430BB76F}"
EndProject
Project("{FAE04EC0-301F-11D3-BF4B-00C04F79EFBC}") = "Assembly-CSharp-Editor-firstpass", "Assembly-CSharp-Editor-firstpass.csproj", "{7740FAB3-8316-667A-290D-27A6AF36FA0F}"
EndProject
Global
	GlobalSection(SolutionConfigurationPlatforms) = preSolution
		Debug|Any CPU = Debug|Any CPU
		Release|Any CPU = Release|Any CPU
	EndGlobalSection
	GlobalSection(ProjectConfigurationPlatforms) = postSolution
		{9E426BEF-5458-92E6-751E-3475A0FF53DC}.Debug|Any CPU.ActiveCfg = Debug|Any CPU
		{9E426BEF-5458-92E6-751E-3475A0FF53DC}.Debug|Any CPU.Build.0 = Debug|Any CPU
		{9E426BEF-5458-92E6-751E-3475A0FF53DC}.Release|Any CPU.ActiveCfg = Release|Any CPU
		{9E426BEF-5458-92E6-751E-3475A0FF53DC}.Release|Any CPU.Build.0 = Release|Any CPU
		{E80B7550-8D45-FDA9-8F3E-7CEB430BB76F}.Debug|Any CPU.ActiveCfg = Debug|Any CPU
		{E80B7550-8D45-FDA9-8F3E-7CEB430BB76F}.Debug|Any CPU.Build.0 = Debug|Any CPU
		{E80B7550-8D45-FDA9-8F3E-7CEB430BB76F}.Release|Any CPU.ActiveCfg = Release|Any CPU
		{E80B7550-8D45-FDA9-8F3E-7CEB430BB76F}.Release|Any CPU.Build.0 = Release|Any CPU
		{7740FAB3-8316-667A-290D-27A6AF36FA0F}.Debug|Any CPU.ActiveCfg = Debug|Any CPU
		{7740FAB3-8316-667A-290D-27A6AF36FA0F}.Debug|Any CPU.Build.0 = Debug|Any CPU
		{7740FAB3-8316-667A-290D-27A6AF36FA0F}.Release|Any CPU.ActiveCfg = Release|Any CPU
		{7740FAB3-8316-667A-290D-27A6AF36FA0F}.Release|Any CPU.Build.0 = Release|Any CPU
	EndGlobalSection
	GlobalSection(SolutionProperties) = preSolution
		HideSolutionNode = FALSE
	EndGlobalSection
	GlobalSection(MonoDevelopProperties) = preSolution
		StartupItem = Assembly-CSharp.csproj
	EndGlobalSection
EndGlobal
